// !$*UTF8*$!
{
	archiveVersion = 1;
	classes = {
	};
	objectVersion = 77;
	objects = {

/* Begin PBXContainerItemProxy section */
		20A0F70C2D96D9E200C5E2A6 /* PBXContainerItemProxy */ = {
			isa = PBXContainerItemProxy;
			containerPortal = 20A0F6ED2D96D9E100C5E2A6 /* Project object */;
			proxyType = 1;
			remoteGlobalIDString = 20A0F6F42D96D9E100C5E2A6;
			remoteInfo = PodKahApp;
		};
		20A0F7162D96D9E200C5E2A6 /* PBXContainerItemProxy */ = {
			isa = PBXContainerItemProxy;
			containerPortal = 20A0F6ED2D96D9E100C5E2A6 /* Project object */;
			proxyType = 1;
			remoteGlobalIDString = 20A0F6F42D96D9E100C5E2A6;
			remoteInfo = PodKahApp;
		};
/* End PBXContainerItemProxy section */

/* Begin PBXFileReference section */
		20A0F6F52D96D9E100C5E2A6 /* PodKahApp.app */ = {isa = PBXFileReference; explicitFileType = wrapper.application; includeInIndex = 0; path = PodKahApp.app; sourceTree = BUILT_PRODUCTS_DIR; };
		20A0F70B2D96D9E200C5E2A6 /* PodKahAppTests.xctest */ = {isa = PBXFileReference; explicitFileType = wrapper.cfbundle; includeInIndex = 0; path = PodKahAppTests.xctest; sourceTree = BUILT_PRODUCTS_DIR; };
		20A0F7152D96D9E200C5E2A6 /* PodKahAppUITests.xctest */ = {isa = PBXFileReference; explicitFileType = wrapper.cfbundle; includeInIndex = 0; path = PodKahAppUITests.xctest; sourceTree = BUILT_PRODUCTS_DIR; };
/* End PBXFileReference section */

/* Begin PBXFileSystemSynchronizedBuildFileExceptionSet section */
		20A0F71D2D96D9E200C5E2A6 /* Exceptions for "PodKahApp" folder in "PodKahApp" target */ = {
			isa = PBXFileSystemSynchronizedBuildFileExceptionSet;
			membershipExceptions = (
				Info.plist,
			);
			target = 20A0F6F42D96D9E100C5E2A6 /* PodKahApp */;
		};
/* End PBXFileSystemSynchronizedBuildFileExceptionSet section */

/* Begin PBXFileSystemSynchronizedRootGroup section */
		20A0F6F72D96D9E100C5E2A6 /* PodKahApp */ = {
			isa = PBXFileSystemSynchronizedRootGroup;
			exceptions = (
				20A0F71D2D96D9E200C5E2A6 /* Exceptions for "PodKahApp" folder in "PodKahApp" target */,
			);
			path = PodKahApp;
			sourceTree = "<group>";
		};
		20A0F70E2D96D9E200C5E2A6 /* PodKahAppTests */ = {
			isa = PBXFileSystemSynchronizedRootGroup;
			path = PodKahAppTests;
			sourceTree = "<group>";
		};
		20A0F7182D96D9E200C5E2A6 /* PodKahAppUITests */ = {
			isa = PBXFileSystemSynchronizedRootGroup;
			path = PodKahAppUITests;
			sourceTree = "<group>";
		};
/* End PBXFileSystemSynchronizedRootGroup section */

/* Begin PBXFrameworksBuildPhase section */
		20A0F6F22D96D9E100C5E2A6 /* Frameworks */ = {
			isa = PBXFrameworksBuildPhase;
			buildActionMask = 2147483647;
			files = (
			);
			runOnlyForDeploymentPostprocessing = 0;
		};
		20A0F7082D96D9E200C5E2A6 /* Frameworks */ = {
			isa = PBXFrameworksBuildPhase;
			buildActionMask = 2147483647;
			files = (
			);
			runOnlyForDeploymentPostprocessing = 0;
		};
		20A0F7122D96D9E200C5E2A6 /* Frameworks */ = {
			isa = PBXFrameworksBuildPhase;
			buildActionMask = 2147483647;
			files = (
			);
			runOnlyForDeploymentPostprocessing = 0;
		};
/* End PBXFrameworksBuildPhase section */

/* Begin PBXGroup section */
		20A0F6EC2D96D9E100C5E2A6 = {
			isa = PBXGroup;
			children = (
				20A0F6F72D96D9E100C5E2A6 /* PodKahApp */,
				20A0F70E2D96D9E200C5E2A6 /* PodKahAppTests */,
				20A0F7182D96D9E200C5E2A6 /* PodKahAppUITests */,
				20A0F6F62D96D9E100C5E2A6 /* Products */,
			);
			sourceTree = "<group>";
		};
		20A0F6F62D96D9E100C5E2A6 /* Products */ = {
			isa = PBXGroup;
			children = (
				20A0F6F52D96D9E100C5E2A6 /* PodKahApp.app */,
				20A0F70B2D96D9E200C5E2A6 /* PodKahAppTests.xctest */,
				20A0F7152D96D9E200C5E2A6 /* PodKahAppUITests.xctest */,
			);
			name = Products;
			sourceTree = "<group>";
		};
/* End PBXGroup section */

/* Begin PBXNativeTarget section */
		20A0F6F42D96D9E100C5E2A6 /* PodKahApp */ = {
			isa = PBXNativeTarget;
			buildConfigurationList = 20A0F71E2D96D9E200C5E2A6 /* Build configuration list for PBXNativeTarget "PodKahApp" */;
			buildPhases = (
				20A0F6F12D96D9E100C5E2A6 /* Sources */,
				20A0F6F22D96D9E100C5E2A6 /* Frameworks */,
				20A0F6F32D96D9E100C5E2A6 /* Resources */,
			);
			buildRules = (
			);
			dependencies = (
			);
			fileSystemSynchronizedGroups = (
				20A0F6F72D96D9E100C5E2A6 /* PodKahApp */,
			);
			name = PodKahApp;
			packageProductDependencies = (
			);
			productName = PodKahApp;
			productReference = 20A0F6F52D96D9E100C5E2A6 /* PodKahApp.app */;
			productType = "com.apple.product-type.application";
		};
		20A0F70A2D96D9E200C5E2A6 /* PodKahAppTests */ = {
			isa = PBXNativeTarget;
			buildConfigurationList = 20A0F7232D96D9E200C5E2A6 /* Build configuration list for PBXNativeTarget "PodKahAppTests" */;
			buildPhases = (
				20A0F7072D96D9E200C5E2A6 /* Sources */,
				20A0F7082D96D9E200C5E2A6 /* Frameworks */,
				20A0F7092D96D9E200C5E2A6 /* Resources */,
			);
			buildRules = (
			);
			dependencies = (
				20A0F70D2D96D9E200C5E2A6 /* PBXTargetDependency */,
			);
			fileSystemSynchronizedGroups = (
				20A0F70E2D96D9E200C5E2A6 /* PodKahAppTests */,
			);
			name = PodKahAppTests;
			packageProductDependencies = (
			);
			productName = PodKahAppTests;
			productReference = 20A0F70B2D96D9E200C5E2A6 /* PodKahAppTests.xctest */;
			productType = "com.apple.product-type.bundle.unit-test";
		};
		20A0F7142D96D9E200C5E2A6 /* PodKahAppUITests */ = {
			isa = PBXNativeTarget;
			buildConfigurationList = 20A0F7262D96D9E200C5E2A6 /* Build configuration list for PBXNativeTarget "PodKahAppUITests" */;
			buildPhases = (
				20A0F7112D96D9E200C5E2A6 /* Sources */,
				20A0F7122D96D9E200C5E2A6 /* Frameworks */,
				20A0F7132D96D9E200C5E2A6 /* Resources */,
			);
			buildRules = (
			);
			dependencies = (
				20A0F7172D96D9E200C5E2A6 /* PBXTargetDependency */,
			);
			fileSystemSynchronizedGroups = (
				20A0F7182D96D9E200C5E2A6 /* PodKahAppUITests */,
			);
			name = PodKahAppUITests;
			packageProductDependencies = (
			);
			productName = PodKahAppUITests;
			productReference = 20A0F7152D96D9E200C5E2A6 /* PodKahAppUITests.xctest */;
			productType = "com.apple.product-type.bundle.ui-testing";
		};
/* End PBXNativeTarget section */

/* Begin PBXProject section */
		20A0F6ED2D96D9E100C5E2A6 /* Project object */ = {
			isa = PBXProject;
			attributes = {
				BuildIndependentTargetsInParallel = 1;
				LastSwiftUpdateCheck = 1620;
				LastUpgradeCheck = 1620;
				TargetAttributes = {
					20A0F6F42D96D9E100C5E2A6 = {
						CreatedOnToolsVersion = 16.2;
					};
					20A0F70A2D96D9E200C5E2A6 = {
						CreatedOnToolsVersion = 16.2;
						TestTargetID = 20A0F6F42D96D9E100C5E2A6;
					};
					20A0F7142D96D9E200C5E2A6 = {
						CreatedOnToolsVersion = 16.2;
						TestTargetID = 20A0F6F42D96D9E100C5E2A6;
					};
				};
			};
			buildConfigurationList = 20A0F6F02D96D9E100C5E2A6 /* Build configuration list for PBXProject "PodKahApp" */;
			developmentRegion = en;
			hasScannedForEncodings = 0;
			knownRegions = (
				en,
				Base,
			);
			mainGroup = 20A0F6EC2D96D9E100C5E2A6;
			minimizedProjectReferenceProxies = 1;
			preferredProjectObjectVersion = 77;
			productRefGroup = 20A0F6F62D96D9E100C5E2A6 /* Products */;
			projectDirPath = "";
			projectRoot = "";
			targets = (
				20A0F6F42D96D9E100C5E2A6 /* PodKahApp */,
				20A0F70A2D96D9E200C5E2A6 /* PodKahAppTests */,
				20A0F7142D96D9E200C5E2A6 /* PodKahAppUITests */,
			);
		};
/* End PBXProject section */

/* Begin PBXResourcesBuildPhase section */
		20A0F6F32D96D9E100C5E2A6 /* Resources */ = {
			isa = PBXResourcesBuildPhase;
			buildActionMask = 2147483647;
			files = (
			);
			runOnlyForDeploymentPostprocessing = 0;
		};
		20A0F7092D96D9E200C5E2A6 /* Resources */ = {
			isa = PBXResourcesBuildPhase;
			buildActionMask = 2147483647;
			files = (
			);
			runOnlyForDeploymentPostprocessing = 0;
		};
		20A0F7132D96D9E200C5E2A6 /* Resources */ = {
			isa = PBXResourcesBuildPhase;
			buildActionMask = 2147483647;
			files = (
			);
			runOnlyForDeploymentPostprocessing = 0;
		};
/* End PBXResourcesBuildPhase section */

/* Begin PBXSourcesBuildPhase section */
		20A0F6F12D96D9E100C5E2A6 /* Sources */ = {
			isa = PBXSourcesBuildPhase;
			buildActionMask = 2147483647;
			files = (
			);
			runOnlyForDeploymentPostprocessing = 0;
		};
		20A0F7072D96D9E200C5E2A6 /* Sources */ = {
			isa = PBXSourcesBuildPhase;
			buildActionMask = 2147483647;
			files = (
			);
			runOnlyForDeploymentPostprocessing = 0;
		};
		20A0F7112D96D9E200C5E2A6 /* Sources */ = {
			isa = PBXSourcesBuildPhase;
			buildActionMask = 2147483647;
			files = (
			);
			runOnlyForDeploymentPostprocessing = 0;
		};
/* End PBXSourcesBuildPhase section */

/* Begin PBXTargetDependency section */
		20A0F70D2D96D9E200C5E2A6 /* PBXTargetDependency */ = {
			isa = PBXTargetDependency;
			target = 20A0F6F42D96D9E100C5E2A6 /* PodKahApp */;
			targetProxy = 20A0F70C2D96D9E200C5E2A6 /* PBXContainerItemProxy */;
		};
		20A0F7172D96D9E200C5E2A6 /* PBXTargetDependency */ = {
			isa = PBXTargetDependency;
			target = 20A0F6F42D96D9E100C5E2A6 /* PodKahApp */;
			targetProxy = 20A0F7162D96D9E200C5E2A6 /* PBXContainerItemProxy */;
		};
/* End PBXTargetDependency section */

/* Begin XCBuildConfiguration section */
		20A0F71F2D96D9E200C5E2A6 /* Debug */ = {
			isa = XCBuildConfiguration;
			buildSettings = {
				ASSETCATALOG_COMPILER_APPICON_NAME = AppIcon;
				ASSETCATALOG_COMPILER_GLOBAL_ACCENT_COLOR_NAME = AccentColor;
				CODE_SIGN_STYLE = Automatic;
				CURRENT_PROJECT_VERSION = 1;
				GENERATE_INFOPLIST_FILE = YES;
				INFOPLIST_FILE = PodKahApp/Info.plist;
				INFOPLIST_KEY_UIApplicationSupportsIndirectInputEvents = YES;
				INFOPLIST_KEY_UILaunchStoryboardName = LaunchScreen;
				INFOPLIST_KEY_UISupportedInterfaceOrientations_iPad = "UIInterfaceOrientationPortrait UIInterfaceOrientationPortraitUpsideDown UIInterfaceOrientationLandscapeLeft UIInterfaceOrientationLandscapeRight";
				INFOPLIST_KEY_UISupportedInterfaceOrientations_iPhone = "UIInterfaceOrientationPortrait UIInterfaceOrientationLandscapeLeft UIInterfaceOrientationLandscapeRight";
				LD_RUNPATH_SEARCH_PATHS = (
					"$(inherited)",
					"@executable_path/Frameworks",
				);
				MARKETING_VERSION = 1.0;
				PRODUCT_BUNDLE_IDENTIFIER = kpiloupas.PodKahApp;
				PRODUCT_NAME = "$(TARGET_NAME)";
				SWIFT_EMIT_LOC_STRINGS = YES;
				SWIFT_VERSION = 5.0;
				TARGETED_DEVICE_FAMILY = "1,2";
			};
			name = Debug;
		};
		20A0F7202D96D9E200C5E2A6 /* Release */ = {
			isa = XCBuildConfiguration;
			buildSettings = {
				ASSETCATALOG_COMPILER_APPICON_NAME = AppIcon;
				ASSETCATALOG_COMPILER_GLOBAL_ACCENT_COLOR_NAME = AccentColor;
				CODE_SIGN_STYLE = Automatic;
				CURRENT_PROJECT_VERSION = 1;
				GENERATE_INFOPLIST_FILE = YES;
				INFOPLIST_FILE = PodKahApp/Info.plist;
				INFOPLIST_KEY_UIApplicationSupportsIndirectInputEvents = YES;
				INFOPLIST_KEY_UILaunchStoryboardName = LaunchScreen;
				INFOPLIST_KEY_UISupportedInterfaceOrientations_iPad = "UIInterfaceOrientationPortrait UIInterfaceOrientationPortraitUpsideDown UIInterfaceOrientationLandscapeLeft UIInterfaceOrientationLandscapeRight";
				INFOPLIST_KEY_UISupportedInterfaceOrientations_iPhone = "UIInterfaceOrientationPortrait UIInterfaceOrientationLandscapeLeft UIInterfaceOrientationLandscapeRight";
				LD_RUNPATH_SEARCH_PATHS = (
					"$(inherited)",
					"@executable_path/Frameworks",
				);
				MARKETING_VERSION = 1.0;
				PRODUCT_BUNDLE_IDENTIFIER = kpiloupas.PodKahApp;
				PRODUCT_NAME = "$(TARGET_NAME)";
				SWIFT_EMIT_LOC_STRINGS = YES;
				SWIFT_VERSION = 5.0;
				TARGETED_DEVICE_FAMILY = "1,2";
			};
			name = Release;
		};
		20A0F7212D96D9E200C5E2A6 /* Debug */ = {
			isa = XCBuildConfiguration;
			buildSettings = {
				ALWAYS_SEARCH_USER_PATHS = NO;
				ASSETCATALOG_COMPILER_GENERATE_SWIFT_ASSET_SYMBOL_EXTENSIONS = YES;
				CLANG_ANALYZER_NONNULL = YES;
				CLANG_ANALYZER_NUMBER_OBJECT_CONVERSION = YES_AGGRESSIVE;
				CLANG_CXX_LANGUAGE_STANDARD = "gnu++20";
				CLANG_ENABLE_MODULES = YES;
				CLANG_ENABLE_OBJC_ARC = YES;
				CLANG_ENABLE_OBJC_WEAK = YES;
				CLANG_WARN_BLOCK_CAPTURE_AUTORELEASING = YES;
				CLANG_WARN_BOOL_CONVERSION = YES;
				CLANG_WARN_COMMA = YES;
				CLANG_WARN_CONSTANT_CONVERSION = YES;
				CLANG_WARN_DEPRECATED_OBJC_IMPLEMENTATIONS = YES;
				CLANG_WARN_DIRECT_OBJC_ISA_USAGE = YES_ERROR;
				CLANG_WARN_DOCUMENTATION_COMMENTS = YES;
				CLANG_WARN_EMPTY_BODY = YES;
				CLANG_WARN_ENUM_CONVERSION = YES;
				CLANG_WARN_INFINITE_RECURSION = YES;
				CLANG_WARN_INT_CONVERSION = YES;
				CLANG_WARN_NON_LITERAL_NULL_CONVERSION = YES;
				CLANG_WARN_OBJC_IMPLICIT_RETAIN_SELF = YES;
				CLANG_WARN_OBJC_LITERAL_CONVERSION = YES;
				CLANG_WARN_OBJC_ROOT_CLASS = YES_ERROR;
				CLANG_WARN_QUOTED_INCLUDE_IN_FRAMEWORK_HEADER = YES;
				CLANG_WARN_RANGE_LOOP_ANALYSIS = YES;
				CLANG_WARN_STRICT_PROTOTYPES = YES;
				CLANG_WARN_SUSPICIOUS_MOVE = YES;
				CLANG_WARN_UNGUARDED_AVAILABILITY = YES_AGGRESSIVE;
				CLANG_WARN_UNREACHABLE_CODE = YES;
				CLANG_WARN__DUPLICATE_METHOD_MATCH = YES;
				COPY_PHASE_STRIP = NO;
				DEBUG_INFORMATION_FORMAT = dwarf;
				ENABLE_STRICT_OBJC_MSGSEND = YES;
				ENABLE_TESTABILITY = YES;
				ENABLE_USER_SCRIPT_SANDBOXING = YES;
				GCC_C_LANGUAGE_STANDARD = gnu17;
				GCC_DYNAMIC_NO_PIC = NO;
				GCC_NO_COMMON_BLOCKS = YES;
				GCC_OPTIMIZATION_LEVEL = 0;
				GCC_PREPROCESSOR_DEFINITIONS = (
					"DEBUG=1",
					"$(inherited)",
				);
				GCC_WARN_64_TO_32_BIT_CONVERSION = YES;
				GCC_WARN_ABOUT_RETURN_TYPE = YES_ERROR;
				GCC_WARN_UNDECLARED_SELECTOR = YES;
				GCC_WARN_UNINITIALIZED_AUTOS = YES_AGGRESSIVE;
				GCC_WARN_UNUSED_FUNCTION = YES;
				GCC_WARN_UNUSED_VARIABLE = YES;
				IPHONEOS_DEPLOYMENT_TARGET = 18.2;
				LOCALIZATION_PREFERS_STRING_CATALOGS = YES;
				MTL_ENABLE_DEBUG_INFO = INCLUDE_SOURCE;
				MTL_FAST_MATH = YES;
				ONLY_ACTIVE_ARCH = YES;
				SDKROOT = iphoneos;
				SWIFT_ACTIVE_COMPILATION_CONDITIONS = "DEBUG $(inherited)";
				SWIFT_OPTIMIZATION_LEVEL = "-Onone";
			};
			name = Debug;
		};
		20A0F7222D96D9E200C5E2A6 /* Release */ = {
			isa = XCBuildConfiguration;
			buildSettings = {
				ALWAYS_SEARCH_USER_PATHS = NO;
				ASSETCATALOG_COMPILER_GENERATE_SWIFT_ASSET_SYMBOL_EXTENSIONS = YES;
				CLANG_ANALYZER_NONNULL = YES;
				CLANG_ANALYZER_NUMBER_OBJECT_CONVERSION = YES_AGGRESSIVE;
				CLANG_CXX_LANGUAGE_STANDARD = "gnu++20";
				CLANG_ENABLE_MODULES = YES;
				CLANG_ENABLE_OBJC_ARC = YES;
				CLANG_ENABLE_OBJC_WEAK = YES;
				CLANG_WARN_BLOCK_CAPTURE_AUTORELEASING = YES;
				CLANG_WARN_BOOL_CONVERSION = YES;
				CLANG_WARN_COMMA = YES;
				CLANG_WARN_CONSTANT_CONVERSION = YES;
				CLANG_WARN_DEPRECATED_OBJC_IMPLEMENTATIONS = YES;
				CLANG_WARN_DIRECT_OBJC_ISA_USAGE = YES_ERROR;
				CLANG_WARN_DOCUMENTATION_COMMENTS = YES;
				CLANG_WARN_EMPTY_BODY = YES;
				CLANG_WARN_ENUM_CONVERSION = YES;
				CLANG_WARN_INFINITE_RECURSION = YES;
				CLANG_WARN_INT_CONVERSION = YES;
				CLANG_WARN_NON_LITERAL_NULL_CONVERSION = YES;
				CLANG_WARN_OBJC_IMPLICIT_RETAIN_SELF = YES;
				CLANG_WARN_OBJC_LITERAL_CONVERSION = YES;
				CLANG_WARN_OBJC_ROOT_CLASS = YES_ERROR;
				CLANG_WARN_QUOTED_INCLUDE_IN_FRAMEWORK_HEADER = YES;
				CLANG_WARN_RANGE_LOOP_ANALYSIS = YES;
				CLANG_WARN_STRICT_PROTOTYPES = YES;
				CLANG_WARN_SUSPICIOUS_MOVE = YES;
				CLANG_WARN_UNGUARDED_AVAILABILITY = YES_AGGRESSIVE;
				CLANG_WARN_UNREACHABLE_CODE = YES;
				CLANG_WARN__DUPLICATE_METHOD_MATCH = YES;
				COPY_PHASE_STRIP = NO;
				DEBUG_INFORMATION_FORMAT = "dwarf-with-dsym";
				ENABLE_NS_ASSERTIONS = NO;
				ENABLE_STRICT_OBJC_MSGSEND = YES;
				ENABLE_USER_SCRIPT_SANDBOXING = YES;
				GCC_C_LANGUAGE_STANDARD = gnu17;
				GCC_NO_COMMON_BLOCKS = YES;
				GCC_WARN_64_TO_32_BIT_CONVERSION = YES;
				GCC_WARN_ABOUT_RETURN_TYPE = YES_ERROR;
				GCC_WARN_UNDECLARED_SELECTOR = YES;
				GCC_WARN_UNINITIALIZED_AUTOS = YES_AGGRESSIVE;
				GCC_WARN_UNUSED_FUNCTION = YES;
				GCC_WARN_UNUSED_VARIABLE = YES;
				IPHONEOS_DEPLOYMENT_TARGET = 18.2;
				LOCALIZATION_PREFERS_STRING_CATALOGS = YES;
				MTL_ENABLE_DEBUG_INFO = NO;
				MTL_FAST_MATH = YES;
				SDKROOT = iphoneos;
				SWIFT_COMPILATION_MODE = wholemodule;
				VALIDATE_PRODUCT = YES;
			};
			name = Release;
		};
		20A0F7242D96D9E200C5E2A6 /* Debug */ = {
			isa = XCBuildConfiguration;
			buildSettings = {
				BUNDLE_LOADER = "$(TEST_HOST)";
				CODE_SIGN_STYLE = Automatic;
				CURRENT_PROJECT_VERSION = 1;
				GENERATE_INFOPLIST_FILE = YES;
				IPHONEOS_DEPLOYMENT_TARGET = 18.2;
				MARKETING_VERSION = 1.0;
				PRODUCT_BUNDLE_IDENTIFIER = kpiloupas.PodKahAppTests;
				PRODUCT_NAME = "$(TARGET_NAME)";
				SWIFT_EMIT_LOC_STRINGS = NO;
				SWIFT_VERSION = 5.0;
				TARGETED_DEVICE_FAMILY = "1,2";
				TEST_HOST = "$(BUILT_PRODUCTS_DIR)/PodKahApp.app/$(BUNDLE_EXECUTABLE_FOLDER_PATH)/PodKahApp";
			};
			name = Debug;
		};
		20A0F7252D96D9E200C5E2A6 /* Release */ = {
			isa = XCBuildConfiguration;
			buildSettings = {
				BUNDLE_LOADER = "$(TEST_HOST)";
				CODE_SIGN_STYLE = Automatic;
				CURRENT_PROJECT_VERSION = 1;
				GENERATE_INFOPLIST_FILE = YES;
				IPHONEOS_DEPLOYMENT_TARGET = 18.2;
				MARKETING_VERSION = 1.0;
				PRODUCT_BUNDLE_IDENTIFIER = kpiloupas.PodKahAppTests;
				PRODUCT_NAME = "$(TARGET_NAME)";
				SWIFT_EMIT_LOC_STRINGS = NO;
				SWIFT_VERSION = 5.0;
				TARGETED_DEVICE_FAMILY = "1,2";
				TEST_HOST = "$(BUILT_PRODUCTS_DIR)/PodKahApp.app/$(BUNDLE_EXECUTABLE_FOLDER_PATH)/PodKahApp";
			};
			name = Release;
		};
		20A0F7272D96D9E200C5E2A6 /* Debug */ = {
			isa = XCBuildConfiguration;
			buildSettings = {
				CODE_SIGN_STYLE = Automatic;
				CURRENT_PROJECT_VERSION = 1;
				GENERATE_INFOPLIST_FILE = YES;
				MARKETING_VERSION = 1.0;
				PRODUCT_BUNDLE_IDENTIFIER = kpiloupas.PodKahAppUITests;
				PRODUCT_NAME = "$(TARGET_NAME)";
				SWIFT_EMIT_LOC_STRINGS = NO;
				SWIFT_VERSION = 5.0;
				TARGETED_DEVICE_FAMILY = "1,2";
				TEST_TARGET_NAME = PodKahApp;
			};
			name = Debug;
		};
		20A0F7282D96D9E200C5E2A6 /* Release */ = {
			isa = XCBuildConfiguration;
			buildSettings = {
				CODE_SIGN_STYLE = Automatic;
				CURRENT_PROJECT_VERSION = 1;
				GENERATE_INFOPLIST_FILE = YES;
				MARKETING_VERSION = 1.0;
				PRODUCT_BUNDLE_IDENTIFIER = kpiloupas.PodKahAppUITests;
				PRODUCT_NAME = "$(TARGET_NAME)";
				SWIFT_EMIT_LOC_STRINGS = NO;
				SWIFT_VERSION = 5.0;
				TARGETED_DEVICE_FAMILY = "1,2";
				TEST_TARGET_NAME = PodKahApp;
			};
			name = Release;
		};
/* End XCBuildConfiguration section */

/* Begin XCConfigurationList section */
		20A0F6F02D96D9E100C5E2A6 /* Build configuration list for PBXProject "PodKahApp" */ = {
			isa = XCConfigurationList;
			buildConfigurations = (
				20A0F7212D96D9E200C5E2A6 /* Debug */,
				20A0F7222D96D9E200C5E2A6 /* Release */,
			);
			defaultConfigurationIsVisible = 0;
			defaultConfigurationName = Release;
		};
		20A0F71E2D96D9E200C5E2A6 /* Build configuration list for PBXNativeTarget "PodKahApp" */ = {
			isa = XCConfigurationList;
			buildConfigurations = (
				20A0F71F2D96D9E200C5E2A6 /* Debug */,
				20A0F7202D96D9E200C5E2A6 /* Release */,
			);
			defaultConfigurationIsVisible = 0;
			defaultConfigurationName = Release;
		};
		20A0F7232D96D9E200C5E2A6 /* Build configuration list for PBXNativeTarget "PodKahAppTests" */ = {
			isa = XCConfigurationList;
			buildConfigurations = (
				20A0F7242D96D9E200C5E2A6 /* Debug */,
				20A0F7252D96D9E200C5E2A6 /* Release */,
			);
			defaultConfigurationIsVisible = 0;
			defaultConfigurationName = Release;
		};
		20A0F7262D96D9E200C5E2A6 /* Build configuration list for PBXNativeTarget "PodKahAppUITests" */ = {
			isa = XCConfigurationList;
			buildConfigurations = (
				20A0F7272D96D9E200C5E2A6 /* Debug */,
				20A0F7282D96D9E200C5E2A6 /* Release */,
			);
			defaultConfigurationIsVisible = 0;
			defaultConfigurationName = Release;
		};
/* End XCConfigurationList section */
	};
	rootObject = 20A0F6ED2D96D9E100C5E2A6 /* Project object */;
}
